# THIS IS AN AUTOGENERATED FILE. DO NOT EDIT THIS FILE DIRECTLY.
# yarn lockfile v1


"@adraffy/ens-normalize@1.9.0":
  version "1.9.0"
  resolved "https://registry.yarnpkg.com/@adraffy/ens-normalize/-/ens-normalize-1.9.0.tgz#223572538f6bea336750039bb43a4016dcc8182d"
  integrity sha512-iowxq3U30sghZotgl4s/oJRci6WPBfNO5YYgk2cIOMCHr3LeGPcsZjCEr+33Q4N+oV3OABDAtA+pyvWjbvBifQ==

"@noble/hashes@1.1.2":
  version "1.1.2"
  resolved "https://registry.yarnpkg.com/@noble/hashes/-/hashes-1.1.2.tgz#e9e035b9b166ca0af657a7848eb2718f0f22f183"
  integrity sha512-KYRCASVTv6aeUi1tsF8/vpyR7zpfs3FUzy2Jqm+MU+LmUKhQ0y2FpfwqkCcxSg2ua4GALJd8k2R76WxwZGbQpA==

"@noble/hashes@^1.1.2":
  version "1.3.0"
  resolved "https://registry.yarnpkg.com/@noble/hashes/-/hashes-1.3.0.tgz#085fd70f6d7d9d109671090ccae1d3bec62554a1"
  integrity sha512-ilHEACi9DwqJB0pw7kv+Apvh50jiiSyR/cQ3y4W7lOR5mhvn/50FLUfsnfJz0BDZtl/RR16kXvptiv6q1msYZg==

"@noble/secp256k1@1.7.1":
  version "1.7.1"
  resolved "https://registry.yarnpkg.com/@noble/secp256k1/-/secp256k1-1.7.1.tgz#b251c70f824ce3ca7f8dc3df08d58f005cc0507c"
  integrity sha512-hOUk6AyBFmqVrv7k5WAw/LpszxVbj9gGN4JRkIX52fdFAj1UA61KXmZDvqVEm+pOyec3+fIeZB02LYa/pWOArw==

"@spruceid/siwe-parser@*":
  version "2.0.2"
  resolved "https://registry.yarnpkg.com/@spruceid/siwe-parser/-/siwe-parser-2.0.2.tgz#964dbe9e5611fe95d39e21aa96e67407f610374f"
  integrity sha512-9WuA0ios2537cWYu39MMeH0O2KdrMKgKlOBUTWRTXQjCYu5B+mHCA0JkCbFaJ/0EjxoVIcYCXIW/DoPEpw+PqA==
  dependencies:
    "@noble/hashes" "^1.1.2"
    apg-js "^4.1.1"
    uri-js "^4.4.1"
    valid-url "^1.0.9"

"@stablelib/binary@^1.0.1":
  version "1.0.1"
  resolved "https://registry.yarnpkg.com/@stablelib/binary/-/binary-1.0.1.tgz#c5900b94368baf00f811da5bdb1610963dfddf7f"
  integrity sha512-ClJWvmL6UBM/wjkvv/7m5VP3GMr9t0osr4yVgLZsLCOz4hGN9gIAFEqnJ0TsSMAN+n840nf2cHZnA5/KFqHC7Q==
  dependencies:
    "@stablelib/int" "^1.0.1"

"@stablelib/int@^1.0.1":
  version "1.0.1"
  resolved "https://registry.yarnpkg.com/@stablelib/int/-/int-1.0.1.tgz#75928cc25d59d73d75ae361f02128588c15fd008"
  integrity sha512-byr69X/sDtDiIjIV6m4roLVWnNNlRGzsvxw+agj8CIEazqWGOQp2dTYgQhtyVXV9wpO6WyXRQUzLV/JRNumT2w==

"@stablelib/random@^1.0.1":
  version "1.0.2"
  resolved "https://registry.yarnpkg.com/@stablelib/random/-/random-1.0.2.tgz#2dece393636489bf7e19c51229dd7900eddf742c"
  integrity sha512-rIsE83Xpb7clHPVRlBj8qNe5L8ISQOzjghYQm/dZ7VaM2KHYwMW5adjQjrzTZCchFnNCNhkwtnOBa9HTMJCI8w==
  dependencies:
    "@stablelib/binary" "^1.0.1"
    "@stablelib/wipe" "^1.0.1"

"@stablelib/wipe@^1.0.1":
  version "1.0.1"
  resolved "https://registry.yarnpkg.com/@stablelib/wipe/-/wipe-1.0.1.tgz#d21401f1d59ade56a62e139462a97f104ed19a36"
  integrity sha512-WfqfX/eXGiAd3RJe4VU2snh/ZPwtSjLG4ynQ/vYzvghTh7dHFcI1wl+nrkWG6lGhukOxOsUHfv8dUXr58D0ayg==

aes-js@4.0.0-beta.3:
  version "4.0.0-beta.3"
  resolved "https://registry.yarnpkg.com/aes-js/-/aes-js-4.0.0-beta.3.tgz#da2253f0ff03a0b3a9e445c8cbdf78e7fda7d48c"
  integrity sha512-/xJX0/VTPcbc5xQE2VUP91y1xN8q/rDfhEzLm+vLc3hYvb5+qHCnpJRuFcrKn63zumK/sCwYYzhG8HP78JYSTA==

apg-js@^4.1.1:
  version "4.1.3"
  resolved "https://registry.yarnpkg.com/apg-js/-/apg-js-4.1.3.tgz#0cb9dc99f8830740d7a8f9fc0048fa618ae4d199"
  integrity sha512-XYyDcoBho8OpnWPRnedMwyL+76ovCtsESerHZEfY39dO4IrEqN97mdEYkOyHa0XTX5+3+U5FmpqPLttK0f7n6g==

ethers@^6.3.0:
  version "6.3.0"
  resolved "https://registry.yarnpkg.com/ethers/-/ethers-6.3.0.tgz#c61efaafa2bd9a4d9f0c799d932ef3b5cd4bd37d"
  integrity sha512-CKFYvTne1YT4S1glTiu7TgGsj0t6c6GAD7evrIk8zbeUb6nK8dcUPAiAWM8uDX/1NmRTvLM9+1Vnn49hwKtEzw==
  dependencies:
    "@adraffy/ens-normalize" "1.9.0"
    "@noble/hashes" "1.1.2"
    "@noble/secp256k1" "1.7.1"
    aes-js "4.0.0-beta.3"
    tslib "2.4.0"
    ws "8.5.0"

punycode@^2.1.0:
  version "2.3.0"
  resolved "https://registry.yarnpkg.com/punycode/-/punycode-2.3.0.tgz#f67fa67c94da8f4d0cfff981aee4118064199b8f"
  integrity sha512-rRV+zQD8tVFys26lAGR9WUuS4iUAngJScM+ZRSKtvl5tKeZ2t5bvdNFdNHBW9FWR4guGHlgmsZ1G7BSm2wTbuA==

siwe@^2.1.4:
  version "2.1.4"
  resolved "https://registry.yarnpkg.com/siwe/-/siwe-2.1.4.tgz#005a8be3e61224a86bd3457f60fdaab626f2d1d4"
  integrity sha512-Dke1Qqa3mgiLm3vjqw/+SQ7dl8WV/Pfk3AlQBF94cBFydTYhztngqYrikzE3X5UTsJ6565dfVbQptszsuYZNYg==
  dependencies:
    "@spruceid/siwe-parser" "*"
    "@stablelib/random" "^1.0.1"
    uri-js "^4.4.1"
    valid-url "^1.0.9"

tslib@2.4.0:
  version "2.4.0"
  resolved "https://registry.yarnpkg.com/tslib/-/tslib-2.4.0.tgz#7cecaa7f073ce680a05847aa77be941098f36dc3"
  integrity sha512-d6xOpEDfsi2CZVlPQzGeux8XMwLT9hssAsaPYExaQMuYskwb+x1x7J371tWlbBdWHroy99KnVB6qIkUbs5X3UQ==

uri-js@^4.4.1:
  version "4.4.1"
  resolved "https://registry.yarnpkg.com/uri-js/-/uri-js-4.4.1.tgz#9b1a52595225859e55f669d928f88c6c57f2a77e"
  integrity sha512-7rKUyy33Q1yc98pQ1DAmLtwX109F7TIfWlW1Ydo8Wl1ii1SeHieeh0HHfPeL2fMXK6z0s8ecKs9frCuLJvndBg==
  dependencies:
    punycode "^2.1.0"

valid-url@^1.0.9:
  version "1.0.9"
  resolved "https://registry.yarnpkg.com/valid-url/-/valid-url-1.0.9.tgz#1c14479b40f1397a75782f115e4086447433a200"
  integrity sha512-QQDsV8OnSf5Uc30CKSwG9lnhMPe6exHtTXLRYX8uMwKENy640pU+2BgBL0LRbDh/eYRahNCS7aewCx0wf3NYVA==

ws@8.5.0:
  version "8.5.0"
  resolved "https://registry.yarnpkg.com/ws/-/ws-8.5.0.tgz#bfb4be96600757fe5382de12c670dab984a1ed4f"
  integrity sha512-BWX0SWVgLPzYwF8lTzEy1egjhS4S4OEAHfsO8o65WOVsrnSRGaSiUaa9e0ggGlkMTtBlmOpEXiie9RUcBO86qg==
